{
  "name": "13-transform-filter-reduce",
  "version": "1.0.0",
  "lockfileVersion": 1,
  "requires": true,
  "dependencies": {
    "csv-parse": {
      "version": "4.10.1",
      "resolved": "https://registry.npmjs.org/csv-parse/-/csv-parse-4.10.1.tgz",
      "integrity": "sha512-gdDJVchi0oSLIcYXz1H/VSgLE6htHDqJyFsRU/vTkQgmVOZ3S0IR2LXnNbWUYG7VD76dYVwdfBLyx8AX9+An8A=="
    }
  }
}
