{
  "name": "02-state-failsafe-socket",
  "version": "1.0.0",
  "lockfileVersion": 1,
  "requires": true,
  "dependencies": {
    "is-buffer": {
      "version": "2.0.4",
      "resolved": "https://registry.npmjs.org/is-buffer/-/is-buffer-2.0.4.tgz",
      "integrity": "sha512-Kq1rokWXOPXWuaMAqZiJW4XxsmD9zGx9q4aePabbn3qCRGedtH7Cm+zV8WETitMfu1wdh+Rvd6w5egwSngUX2A=="
    },
    "is-stream": {
      "version": "2.0.0",
      "resolved": "https://registry.npmjs.org/is-stream/-/is-stream-2.0.0.tgz",
      "integrity": "sha512-XCoy+WlUr7d1+Z8GgSuXmpuUFC9fOhRXglJMx+dwLKTkL44Cjd4W1Z5P+BQZpr+cR93aGP4S/s7Ftw6Nd/kiEw=="
    },
    "json-over-tcp-2": {
      "version": "0.3.5",
      "resolved": "https://registry.npmjs.org/json-over-tcp-2/-/json-over-tcp-2-0.3.5.tgz",
      "integrity": "sha512-aN8/NDN3eGy9zbF4e+nwEKjt/y3M3XJUJnT2KAUDpPm1YEH2HefoLECg9KUuaQEJYd4xkQYutbnxpcXjaQENkA==",
      "requires": {
        "is-buffer": "^2.0.4",
        "is-stream": "^2.0.0"
      }
    }
  }
}
