{
  "name": "02-state-failsafe-socket",
  "version": "1.0.0",
  "lockfileVersion": 1,
  "requires": true,
  "dependencies": {
    "its": {
      "version": "1.0.2",
      "resolved": "https://registry.npmjs.org/its/-/its-1.0.2.tgz",
      "integrity": "sha1-Qj9Fu6mVpZxo0ez46EjcEIkbTNI="
    },
    "json-over-tcp": {
      "version": "0.3.2",
      "resolved": "https://registry.npmjs.org/json-over-tcp/-/json-over-tcp-0.3.2.tgz",
      "integrity": "sha1-ovEUXm/EWUn8c80Lc4oDAEvqcvM=",
      "requires": {
        "its": "~1.0.0"
      }
    }
  }
}
