{
  "name": "06-task-distribution-zmq",
  "version": "1.0.0",
  "lockfileVersion": 1,
  "requires": true,
  "dependencies": {
    "big-integer": {
      "version": "1.6.48",
      "resolved": "https://registry.npmjs.org/big-integer/-/big-integer-1.6.48.tgz",
      "integrity": "sha512-j51egjPa7/i+RdiRuJbPdJ2FIUYYPhvYLjzoYbcMMm62ooO6F94fETG4MTs46zPAF9Brs04OajboA/qTGuz78w=="
    },
    "delay": {
      "version": "4.3.0",
      "resolved": "https://registry.npmjs.org/delay/-/delay-4.3.0.tgz",
      "integrity": "sha512-Lwaf3zVFDMBop1yDuFZ19F9WyGcZcGacsbdlZtWjQmM50tOcMntm1njF/Nb/Vjij3KaSvCF+sEYGKrrjObu2NA=="
    },
    "indexed-string-variation": {
      "version": "1.0.3",
      "resolved": "https://registry.npmjs.org/indexed-string-variation/-/indexed-string-variation-1.0.3.tgz",
      "integrity": "sha512-Kf5QHk6S6wUO8CLT/qwsUedIvOtDyLpReR6OyN/a5vBlqMkJjlafHIt8Iyakdq2csXBZTDp5NbCqkmM+dgbRCA==",
      "requires": {
        "big-integer": "^1.6.16"
      }
    },
    "node-gyp-build": {
      "version": "4.2.1",
      "resolved": "https://registry.npmjs.org/node-gyp-build/-/node-gyp-build-4.2.1.tgz",
      "integrity": "sha512-XyCKXsqZfLqHep1hhsMncoXuUNt/cXCjg1+8CLbu69V1TKuPiOeSGbL9n+k/ByKH8UT0p4rdIX8XkTRZV0i7Sw=="
    },
    "zeromq": {
      "version": "6.0.0-beta.6",
      "resolved": "https://registry.npmjs.org/zeromq/-/zeromq-6.0.0-beta.6.tgz",
      "integrity": "sha512-wLf6M7pBHijl+BRltUL2VoDpgbQcOZetiX8UzycHL8CcYFxYnRrpoG5fi3UX3+Umavz1lk4/dGaQez8qiDgr/Q==",
      "requires": {
        "node-gyp-build": "^4.1.0"
      }
    }
  }
}
