{
  "name": "09-writable-http-entropy-server",
  "version": "1.0.0",
  "lockfileVersion": 1,
  "requires": true,
  "dependencies": {
    "chance": {
      "version": "1.1.4",
      "resolved": "https://registry.npmjs.org/chance/-/chance-1.1.4.tgz",
      "integrity": "sha512-pXPDSu3knKlb6H7ahQfpq//J9mSOxYK8SMtp8MV/nRJh8aLRDIl0ipLH8At8+nVogVwtvPZzyIzY/EbcY/cLuQ=="
    }
  }
}
